
Microsoft Visual Studio Solution File, Format Version 12.00
# Visual Studio Version 16
VisualStudioVersion = 16.0.29326.143
MinimumVisualStudioVersion = 10.0.40219.1
Project("{FAE04EC0-301F-11D3-BF4B-00C04F79EFBC}") = "Spooky", "Spooky\Spooky.csproj", "{154DB977-284D-4ECC-A6C1-25DB039B1C18}"
EndProject
Global
	GlobalSection(SolutionConfigurationPlatforms) = preSolution
		Debug|Any CPU = Debug|Any CPU
		Release|Any CPU = Release|Any CPU
	EndGlobalSection
	GlobalSection(ProjectConfigurationPlatforms) = postSolution
		{154DB977-284D-4ECC-A6C1-25DB039B1C18}.Debug|Any CPU.ActiveCfg = Debug|Any CPU
		{154DB977-284D-4ECC-A6C1-25DB039B1C18}.Debug|Any CPU.Build.0 = Debug|Any CPU
		{154DB977-284D-4ECC-A6C1-25DB039B1C18}.Release|Any CPU.ActiveCfg = Release|Any CPU
		{154DB977-284D-4ECC-A6C1-25DB039B1C18}.Release|Any CPU.Build.0 = Release|Any CPU
	EndGlobalSection
	GlobalSection(SolutionProperties) = preSolution
		HideSolutionNode = FALSE
	EndGlobalSection
	GlobalSection(ExtensibilityGlobals) = postSolution
		SolutionGuid = {3B6B54A4-98B0-4ADE-A585-9E98675405D0}
	EndGlobalSection
EndGlobal
